// !$*UTF8*$!
{
	archiveVersion = 1;
	classes = {
	};
	objectVersion = 46;
	objects = {

/* Begin PBXBuildFile section */
		AE75604F1ACACC0E00EFD3D4 /* AppDelegate.swift in Sources */ = {isa = PBXBuildFile; fileRef = AE75604E1ACACC0E00EFD3D4 /* AppDelegate.swift */; };
		AE7560511ACACC0E00EFD3D4 /* ViewController.swift in Sources */ = {isa = PBXBuildFile; fileRef = AE7560501ACACC0E00EFD3D4 /* ViewController.swift */; };
		AE7560531ACACC0E00EFD3D4 /* Images.xcassets in Resources */ = {isa = PBXBuildFile; fileRef = AE7560521ACACC0E00EFD3D4 /* Images.xcassets */; };
		AE7560561ACACC0E00EFD3D4 /* Main.storyboard in Resources */ = {isa = PBXBuildFile; fileRef = AE7560541ACACC0E00EFD3D4 /* Main.storyboard */; };
		AE7560621ACACC0E00EFD3D4 /* SwiftPerformanceBenchmarkTests.swift in Sources */ = {isa = PBXBuildFile; fileRef = AE7560611ACACC0E00EFD3D4 /* SwiftPerformanceBenchmarkTests.swift */; };
		AE75606E1ACB178300EFD3D4 /* ComputeRecord.swift in Sources */ = {isa = PBXBuildFile; fileRef = AE75606D1ACB178300EFD3D4 /* ComputeRecord.swift */; };
		AE7560701ACB21DC00EFD3D4 /* Utils.swift in Sources */ = {isa = PBXBuildFile; fileRef = AE75606F1ACB21DC00EFD3D4 /* Utils.swift */; };
		AE9AE2471ACB3B8900ADCAD0 /* CalcPrimesObjC.m in Sources */ = {isa = PBXBuildFile; fileRef = AE9AE2461ACB3B8900ADCAD0 /* CalcPrimesObjC.m */; };
		AE9AE2491ACC23A100ADCAD0 /* CalcPrimesSwift.swift in Sources */ = {isa = PBXBuildFile; fileRef = AE9AE2481ACC23A100ADCAD0 /* CalcPrimesSwift.swift */; };
/* End PBXBuildFile section */

/* Begin PBXContainerItemProxy section */
		AE75605C1ACACC0E00EFD3D4 /* PBXContainerItemProxy */ = {
			isa = PBXContainerItemProxy;
			containerPortal = AE7560411ACACC0E00EFD3D4 /* Project object */;
			proxyType = 1;
			remoteGlobalIDString = AE7560481ACACC0E00EFD3D4;
			remoteInfo = SwiftPerformanceBenchmark;
		};
/* End PBXContainerItemProxy section */

/* Begin PBXFileReference section */
		AE7560491ACACC0E00EFD3D4 /* SwiftPerformanceBenchmark.app */ = {isa = PBXFileReference; explicitFileType = wrapper.application; includeInIndex = 0; path = SwiftPerformanceBenchmark.app; sourceTree = BUILT_PRODUCTS_DIR; };
		AE75604D1ACACC0E00EFD3D4 /* Info.plist */ = {isa = PBXFileReference; lastKnownFileType = text.plist.xml; path = Info.plist; sourceTree = "<group>"; };
		AE75604E1ACACC0E00EFD3D4 /* AppDelegate.swift */ = {isa = PBXFileReference; lastKnownFileType = sourcecode.swift; path = AppDelegate.swift; sourceTree = "<group>"; };
		AE7560501ACACC0E00EFD3D4 /* ViewController.swift */ = {isa = PBXFileReference; lastKnownFileType = sourcecode.swift; path = ViewController.swift; sourceTree = "<group>"; };
		AE7560521ACACC0E00EFD3D4 /* Images.xcassets */ = {isa = PBXFileReference; lastKnownFileType = folder.assetcatalog; path = Images.xcassets; sourceTree = "<group>"; };
		AE7560551ACACC0E00EFD3D4 /* Base */ = {isa = PBXFileReference; lastKnownFileType = file.storyboard; name = Base; path = Base.lproj/Main.storyboard; sourceTree = "<group>"; };
		AE75605B1ACACC0E00EFD3D4 /* SwiftPerformanceBenchmarkTests.xctest */ = {isa = PBXFileReference; explicitFileType = wrapper.cfbundle; includeInIndex = 0; path = SwiftPerformanceBenchmarkTests.xctest; sourceTree = BUILT_PRODUCTS_DIR; };
		AE7560601ACACC0E00EFD3D4 /* Info.plist */ = {isa = PBXFileReference; lastKnownFileType = text.plist.xml; path = Info.plist; sourceTree = "<group>"; };
		AE7560611ACACC0E00EFD3D4 /* SwiftPerformanceBenchmarkTests.swift */ = {isa = PBXFileReference; lastKnownFileType = sourcecode.swift; path = SwiftPerformanceBenchmarkTests.swift; sourceTree = "<group>"; };
		AE75606D1ACB178300EFD3D4 /* ComputeRecord.swift */ = {isa = PBXFileReference; fileEncoding = 4; lastKnownFileType = sourcecode.swift; path = ComputeRecord.swift; sourceTree = "<group>"; };
		AE75606F1ACB21DC00EFD3D4 /* Utils.swift */ = {isa = PBXFileReference; fileEncoding = 4; lastKnownFileType = sourcecode.swift; path = Utils.swift; sourceTree = "<group>"; };
		AE7560711ACB398100EFD3D4 /* SwiftPerformanceBenchmark-Bridging-Header.h */ = {isa = PBXFileReference; lastKnownFileType = sourcecode.c.h; path = "SwiftPerformanceBenchmark-Bridging-Header.h"; sourceTree = SOURCE_ROOT; };
		AE9AE2451ACB3B8900ADCAD0 /* CalcPrimesObjC.h */ = {isa = PBXFileReference; fileEncoding = 4; lastKnownFileType = sourcecode.c.h; name = CalcPrimesObjC.h; path = SwiftPerformanceBenchmark/CalcPrimesObjC.h; sourceTree = "<group>"; };
		AE9AE2461ACB3B8900ADCAD0 /* CalcPrimesObjC.m */ = {isa = PBXFileReference; fileEncoding = 4; lastKnownFileType = sourcecode.c.objc; name = CalcPrimesObjC.m; path = SwiftPerformanceBenchmark/CalcPrimesObjC.m; sourceTree = "<group>"; };
		AE9AE2481ACC23A100ADCAD0 /* CalcPrimesSwift.swift */ = {isa = PBXFileReference; fileEncoding = 4; lastKnownFileType = sourcecode.swift; path = CalcPrimesSwift.swift; sourceTree = "<group>"; };
		AE9AE24A1ACC25A900ADCAD0 /* CalcPrimesProtocol.h */ = {isa = PBXFileReference; fileEncoding = 4; lastKnownFileType = sourcecode.c.h; name = CalcPrimesProtocol.h; path = SwiftPerformanceBenchmark/CalcPrimesProtocol.h; sourceTree = "<group>"; };
/* End PBXFileReference section */

/* Begin PBXFrameworksBuildPhase section */
		AE7560461ACACC0E00EFD3D4 /* Frameworks */ = {
			isa = PBXFrameworksBuildPhase;
			buildActionMask = 2147483647;
			files = (
			);
			runOnlyForDeploymentPostprocessing = 0;
		};
		AE7560581ACACC0E00EFD3D4 /* Frameworks */ = {
			isa = PBXFrameworksBuildPhase;
			buildActionMask = 2147483647;
			files = (
			);
			runOnlyForDeploymentPostprocessing = 0;
		};
/* End PBXFrameworksBuildPhase section */

/* Begin PBXGroup section */
		AE7560401ACACC0E00EFD3D4 = {
			isa = PBXGroup;
			children = (
				AE9AE24B1ACC298F00ADCAD0 /* Objective-C files */,
				AE9AE2481ACC23A100ADCAD0 /* CalcPrimesSwift.swift */,
				AE7560711ACB398100EFD3D4 /* SwiftPerformanceBenchmark-Bridging-Header.h */,
				AE75604B1ACACC0E00EFD3D4 /* SwiftPerformanceBenchmark */,
				AE75605E1ACACC0E00EFD3D4 /* SwiftPerformanceBenchmarkTests */,
				AE75604A1ACACC0E00EFD3D4 /* Products */,
			);
			sourceTree = "<group>";
		};
		AE75604A1ACACC0E00EFD3D4 /* Products */ = {
			isa = PBXGroup;
			children = (
				AE7560491ACACC0E00EFD3D4 /* SwiftPerformanceBenchmark.app */,
				AE75605B1ACACC0E00EFD3D4 /* SwiftPerformanceBenchmarkTests.xctest */,
			);
			name = Products;
			sourceTree = "<group>";
		};
		AE75604B1ACACC0E00EFD3D4 /* SwiftPerformanceBenchmark */ = {
			isa = PBXGroup;
			children = (
				AE75604E1ACACC0E00EFD3D4 /* AppDelegate.swift */,
				AE75606D1ACB178300EFD3D4 /* ComputeRecord.swift */,
				AE7560501ACACC0E00EFD3D4 /* ViewController.swift */,
				AE7560521ACACC0E00EFD3D4 /* Images.xcassets */,
				AE7560541ACACC0E00EFD3D4 /* Main.storyboard */,
				AE75604C1ACACC0E00EFD3D4 /* Supporting Files */,
				AE75606F1ACB21DC00EFD3D4 /* Utils.swift */,
			);
			path = SwiftPerformanceBenchmark;
			sourceTree = "<group>";
		};
		AE75604C1ACACC0E00EFD3D4 /* Supporting Files */ = {
			isa = PBXGroup;
			children = (
				AE75604D1ACACC0E00EFD3D4 /* Info.plist */,
			);
			name = "Supporting Files";
			sourceTree = "<group>";
		};
		AE75605E1ACACC0E00EFD3D4 /* SwiftPerformanceBenchmarkTests */ = {
			isa = PBXGroup;
			children = (
				AE7560611ACACC0E00EFD3D4 /* SwiftPerformanceBenchmarkTests.swift */,
				AE75605F1ACACC0E00EFD3D4 /* Supporting Files */,
			);
			path = SwiftPerformanceBenchmarkTests;
			sourceTree = "<group>";
		};
		AE75605F1ACACC0E00EFD3D4 /* Supporting Files */ = {
			isa = PBXGroup;
			children = (
				AE7560601ACACC0E00EFD3D4 /* Info.plist */,
			);
			name = "Supporting Files";
			sourceTree = "<group>";
		};
		AE9AE24B1ACC298F00ADCAD0 /* Objective-C files */ = {
			isa = PBXGroup;
			children = (
				AE9AE24A1ACC25A900ADCAD0 /* CalcPrimesProtocol.h */,
				AE9AE2451ACB3B8900ADCAD0 /* CalcPrimesObjC.h */,
				AE9AE2461ACB3B8900ADCAD0 /* CalcPrimesObjC.m */,
			);
			name = "Objective-C files";
			sourceTree = "<group>";
		};
/* End PBXGroup section */

/* Begin PBXNativeTarget section */
		AE7560481ACACC0E00EFD3D4 /* SwiftPerformanceBenchmark */ = {
			isa = PBXNativeTarget;
			buildConfigurationList = AE7560651ACACC0E00EFD3D4 /* Build configuration list for PBXNativeTarget "SwiftPerformanceBenchmark" */;
			buildPhases = (
				AE7560451ACACC0E00EFD3D4 /* Sources */,
				AE7560461ACACC0E00EFD3D4 /* Frameworks */,
				AE7560471ACACC0E00EFD3D4 /* Resources */,
			);
			buildRules = (
			);
			dependencies = (
			);
			name = SwiftPerformanceBenchmark;
			productName = SwiftPerformanceBenchmark;
			productReference = AE7560491ACACC0E00EFD3D4 /* SwiftPerformanceBenchmark.app */;
			productType = "com.apple.product-type.application";
		};
		AE75605A1ACACC0E00EFD3D4 /* SwiftPerformanceBenchmarkTests */ = {
			isa = PBXNativeTarget;
			buildConfigurationList = AE7560681ACACC0E00EFD3D4 /* Build configuration list for PBXNativeTarget "SwiftPerformanceBenchmarkTests" */;
			buildPhases = (
				AE7560571ACACC0E00EFD3D4 /* Sources */,
				AE7560581ACACC0E00EFD3D4 /* Frameworks */,
				AE7560591ACACC0E00EFD3D4 /* Resources */,
			);
			buildRules = (
			);
			dependencies = (
				AE75605D1ACACC0E00EFD3D4 /* PBXTargetDependency */,
			);
			name = SwiftPerformanceBenchmarkTests;
			productName = SwiftPerformanceBenchmarkTests;
			productReference = AE75605B1ACACC0E00EFD3D4 /* SwiftPerformanceBenchmarkTests.xctest */;
			productType = "com.apple.product-type.bundle.unit-test";
		};
/* End PBXNativeTarget section */

/* Begin PBXProject section */
		AE7560411ACACC0E00EFD3D4 /* Project object */ = {
			isa = PBXProject;
			attributes = {
				LastUpgradeCheck = 0620;
				ORGANIZATIONNAME = "Duncan Champney";
				TargetAttributes = {
					AE7560481ACACC0E00EFD3D4 = {
						CreatedOnToolsVersion = 6.2;
					};
					AE75605A1ACACC0E00EFD3D4 = {
						CreatedOnToolsVersion = 6.2;
						TestTargetID = AE7560481ACACC0E00EFD3D4;
					};
				};
			};
			buildConfigurationList = AE7560441ACACC0E00EFD3D4 /* Build configuration list for PBXProject "SwiftPerformanceBenchmark" */;
			compatibilityVersion = "Xcode 3.2";
			developmentRegion = English;
			hasScannedForEncodings = 0;
			knownRegions = (
				en,
				Base,
			);
			mainGroup = AE7560401ACACC0E00EFD3D4;
			productRefGroup = AE75604A1ACACC0E00EFD3D4 /* Products */;
			projectDirPath = "";
			projectRoot = "";
			targets = (
				AE7560481ACACC0E00EFD3D4 /* SwiftPerformanceBenchmark */,
				AE75605A1ACACC0E00EFD3D4 /* SwiftPerformanceBenchmarkTests */,
			);
		};
/* End PBXProject section */

/* Begin PBXResourcesBuildPhase section */
		AE7560471ACACC0E00EFD3D4 /* Resources */ = {
			isa = PBXResourcesBuildPhase;
			buildActionMask = 2147483647;
			files = (
				AE7560531ACACC0E00EFD3D4 /* Images.xcassets in Resources */,
				AE7560561ACACC0E00EFD3D4 /* Main.storyboard in Resources */,
			);
			runOnlyForDeploymentPostprocessing = 0;
		};
		AE7560591ACACC0E00EFD3D4 /* Resources */ = {
			isa = PBXResourcesBuildPhase;
			buildActionMask = 2147483647;
			files = (
			);
			runOnlyForDeploymentPostprocessing = 0;
		};
/* End PBXResourcesBuildPhase section */

/* Begin PBXSourcesBuildPhase section */
		AE7560451ACACC0E00EFD3D4 /* Sources */ = {
			isa = PBXSourcesBuildPhase;
			buildActionMask = 2147483647;
			files = (
				AE9AE2491ACC23A100ADCAD0 /* CalcPrimesSwift.swift in Sources */,
				AE75606E1ACB178300EFD3D4 /* ComputeRecord.swift in Sources */,
				AE7560511ACACC0E00EFD3D4 /* ViewController.swift in Sources */,
				AE75604F1ACACC0E00EFD3D4 /* AppDelegate.swift in Sources */,
				AE7560701ACB21DC00EFD3D4 /* Utils.swift in Sources */,
				AE9AE2471ACB3B8900ADCAD0 /* CalcPrimesObjC.m in Sources */,
			);
			runOnlyForDeploymentPostprocessing = 0;
		};
		AE7560571ACACC0E00EFD3D4 /* Sources */ = {
			isa = PBXSourcesBuildPhase;
			buildActionMask = 2147483647;
			files = (
				AE7560621ACACC0E00EFD3D4 /* SwiftPerformanceBenchmarkTests.swift in Sources */,
			);
			runOnlyForDeploymentPostprocessing = 0;
		};
/* End PBXSourcesBuildPhase section */

/* Begin PBXTargetDependency section */
		AE75605D1ACACC0E00EFD3D4 /* PBXTargetDependency */ = {
			isa = PBXTargetDependency;
			target = AE7560481ACACC0E00EFD3D4 /* SwiftPerformanceBenchmark */;
			targetProxy = AE75605C1ACACC0E00EFD3D4 /* PBXContainerItemProxy */;
		};
/* End PBXTargetDependency section */

/* Begin PBXVariantGroup section */
		AE7560541ACACC0E00EFD3D4 /* Main.storyboard */ = {
			isa = PBXVariantGroup;
			children = (
				AE7560551ACACC0E00EFD3D4 /* Base */,
			);
			name = Main.storyboard;
			sourceTree = "<group>";
		};
/* End PBXVariantGroup section */

/* Begin XCBuildConfiguration section */
		AE7560631ACACC0E00EFD3D4 /* Debug */ = {
			isa = XCBuildConfiguration;
			buildSettings = {
				ALWAYS_SEARCH_USER_PATHS = NO;
				CLANG_CXX_LANGUAGE_STANDARD = "gnu++0x";
				CLANG_CXX_LIBRARY = "libc++";
				CLANG_ENABLE_MODULES = YES;
				CLANG_ENABLE_OBJC_ARC = YES;
				CLANG_WARN_BOOL_CONVERSION = YES;
				CLANG_WARN_CONSTANT_CONVERSION = YES;
				CLANG_WARN_DIRECT_OBJC_ISA_USAGE = YES_ERROR;
				CLANG_WARN_EMPTY_BODY = YES;
				CLANG_WARN_ENUM_CONVERSION = YES;
				CLANG_WARN_INT_CONVERSION = YES;
				CLANG_WARN_OBJC_ROOT_CLASS = YES_ERROR;
				CLANG_WARN_UNREACHABLE_CODE = YES;
				CLANG_WARN__DUPLICATE_METHOD_MATCH = YES;
				CODE_SIGN_IDENTITY = "-";
				COPY_PHASE_STRIP = NO;
				ENABLE_STRICT_OBJC_MSGSEND = YES;
				GCC_C_LANGUAGE_STANDARD = gnu99;
				GCC_DYNAMIC_NO_PIC = NO;
				GCC_OPTIMIZATION_LEVEL = 0;
				GCC_PREPROCESSOR_DEFINITIONS = (
					"DEBUG=1",
					"$(inherited)",
				);
				GCC_SYMBOLS_PRIVATE_EXTERN = NO;
				GCC_WARN_64_TO_32_BIT_CONVERSION = YES;
				GCC_WARN_ABOUT_RETURN_TYPE = YES_ERROR;
				GCC_WARN_UNDECLARED_SELECTOR = YES;
				GCC_WARN_UNINITIALIZED_AUTOS = YES_AGGRESSIVE;
				GCC_WARN_UNUSED_FUNCTION = YES;
				GCC_WARN_UNUSED_VARIABLE = YES;
				MACOSX_DEPLOYMENT_TARGET = 10.10;
				MTL_ENABLE_DEBUG_INFO = YES;
				ONLY_ACTIVE_ARCH = YES;
				SDKROOT = macosx;
				SWIFT_OPTIMIZATION_LEVEL = "-Onone";
			};
			name = Debug;
		};
		AE7560641ACACC0E00EFD3D4 /* Release */ = {
			isa = XCBuildConfiguration;
			buildSettings = {
				ALWAYS_SEARCH_USER_PATHS = NO;
				CLANG_CXX_LANGUAGE_STANDARD = "gnu++0x";
				CLANG_CXX_LIBRARY = "libc++";
				CLANG_ENABLE_MODULES = YES;
				CLANG_ENABLE_OBJC_ARC = YES;
				CLANG_WARN_BOOL_CONVERSION = YES;
				CLANG_WARN_CONSTANT_CONVERSION = YES;
				CLANG_WARN_DIRECT_OBJC_ISA_USAGE = YES_ERROR;
				CLANG_WARN_EMPTY_BODY = YES;
				CLANG_WARN_ENUM_CONVERSION = YES;
				CLANG_WARN_INT_CONVERSION = YES;
				CLANG_WARN_OBJC_ROOT_CLASS = YES_ERROR;
				CLANG_WARN_UNREACHABLE_CODE = YES;
				CLANG_WARN__DUPLICATE_METHOD_MATCH = YES;
				CODE_SIGN_IDENTITY = "-";
				COPY_PHASE_STRIP = NO;
				DEBUG_INFORMATION_FORMAT = "dwarf-with-dsym";
				ENABLE_NS_ASSERTIONS = NO;
				ENABLE_STRICT_OBJC_MSGSEND = YES;
				GCC_C_LANGUAGE_STANDARD = gnu99;
				GCC_WARN_64_TO_32_BIT_CONVERSION = YES;
				GCC_WARN_ABOUT_RETURN_TYPE = YES_ERROR;
				GCC_WARN_UNDECLARED_SELECTOR = YES;
				GCC_WARN_UNINITIALIZED_AUTOS = YES_AGGRESSIVE;
				GCC_WARN_UNUSED_FUNCTION = YES;
				GCC_WARN_UNUSED_VARIABLE = YES;
				MACOSX_DEPLOYMENT_TARGET = 10.10;
				MTL_ENABLE_DEBUG_INFO = NO;
				SDKROOT = macosx;
			};
			name = Release;
		};
		AE7560661ACACC0E00EFD3D4 /* Debug */ = {
			isa = XCBuildConfiguration;
			buildSettings = {
				ASSETCATALOG_COMPILER_APPICON_NAME = AppIcon;
				CLANG_ENABLE_MODULES = YES;
				COMBINE_HIDPI_IMAGES = YES;
				INFOPLIST_FILE = SwiftPerformanceBenchmark/Info.plist;
				LD_RUNPATH_SEARCH_PATHS = "$(inherited) @executable_path/../Frameworks";
				PRODUCT_NAME = "$(TARGET_NAME)";
				SWIFT_OBJC_BRIDGING_HEADER = "SwiftPerformanceBenchmark-Bridging-Header.h";
				SWIFT_OPTIMIZATION_LEVEL = "-Onone";
			};
			name = Debug;
		};
		AE7560671ACACC0E00EFD3D4 /* Release */ = {
			isa = XCBuildConfiguration;
			buildSettings = {
				ASSETCATALOG_COMPILER_APPICON_NAME = AppIcon;
				CLANG_ENABLE_MODULES = YES;
				COMBINE_HIDPI_IMAGES = YES;
				INFOPLIST_FILE = SwiftPerformanceBenchmark/Info.plist;
				LD_RUNPATH_SEARCH_PATHS = "$(inherited) @executable_path/../Frameworks";
				PRODUCT_NAME = "$(TARGET_NAME)";
				SWIFT_OBJC_BRIDGING_HEADER = "SwiftPerformanceBenchmark-Bridging-Header.h";
			};
			name = Release;
		};
		AE7560691ACACC0E00EFD3D4 /* Debug */ = {
			isa = XCBuildConfiguration;
			buildSettings = {
				BUNDLE_LOADER = "$(TEST_HOST)";
				COMBINE_HIDPI_IMAGES = YES;
				FRAMEWORK_SEARCH_PATHS = (
					"$(DEVELOPER_FRAMEWORKS_DIR)",
					"$(inherited)",
				);
				GCC_PREPROCESSOR_DEFINITIONS = (
					"DEBUG=1",
					"$(inherited)",
				);
				INFOPLIST_FILE = SwiftPerformanceBenchmarkTests/Info.plist;
				LD_RUNPATH_SEARCH_PATHS = "$(inherited) @executable_path/../Frameworks @loader_path/../Frameworks";
				PRODUCT_NAME = "$(TARGET_NAME)";
				TEST_HOST = "$(BUILT_PRODUCTS_DIR)/SwiftPerformanceBenchmark.app/Contents/MacOS/SwiftPerformanceBenchmark";
			};
			name = Debug;
		};
		AE75606A1ACACC0E00EFD3D4 /* Release */ = {
			isa = XCBuildConfiguration;
			buildSettings = {
				BUNDLE_LOADER = "$(TEST_HOST)";
				COMBINE_HIDPI_IMAGES = YES;
				FRAMEWORK_SEARCH_PATHS = (
					"$(DEVELOPER_FRAMEWORKS_DIR)",
					"$(inherited)",
				);
				INFOPLIST_FILE = SwiftPerformanceBenchmarkTests/Info.plist;
				LD_RUNPATH_SEARCH_PATHS = "$(inherited) @executable_path/../Frameworks @loader_path/../Frameworks";
				PRODUCT_NAME = "$(TARGET_NAME)";
				TEST_HOST = "$(BUILT_PRODUCTS_DIR)/SwiftPerformanceBenchmark.app/Contents/MacOS/SwiftPerformanceBenchmark";
			};
			name = Release;
		};
/* End XCBuildConfiguration section */

/* Begin XCConfigurationList section */
		AE7560441ACACC0E00EFD3D4 /* Build configuration list for PBXProject "SwiftPerformanceBenchmark" */ = {
			isa = XCConfigurationList;
			buildConfigurations = (
				AE7560631ACACC0E00EFD3D4 /* Debug */,
				AE7560641ACACC0E00EFD3D4 /* Release */,
			);
			defaultConfigurationIsVisible = 0;
			defaultConfigurationName = Release;
		};
		AE7560651ACACC0E00EFD3D4 /* Build configuration list for PBXNativeTarget "SwiftPerformanceBenchmark" */ = {
			isa = XCConfigurationList;
			buildConfigurations = (
				AE7560661ACACC0E00EFD3D4 /* Debug */,
				AE7560671ACACC0E00EFD3D4 /* Release */,
			);
			defaultConfigurationIsVisible = 0;
			defaultConfigurationName = Release;
		};
		AE7560681ACACC0E00EFD3D4 /* Build configuration list for PBXNativeTarget "SwiftPerformanceBenchmarkTests" */ = {
			isa = XCConfigurationList;
			buildConfigurations = (
				AE7560691ACACC0E00EFD3D4 /* Debug */,
				AE75606A1ACACC0E00EFD3D4 /* Release */,
			);
			defaultConfigurationIsVisible = 0;
			defaultConfigurationName = Release;
		};
/* End XCConfigurationList section */
	};
	rootObject = AE7560411ACACC0E00EFD3D4 /* Project object */;
}
